
Microsoft Visual Studio Solution File, Format Version 12.00
# Visual Studio Version 16
VisualStudioVersion = 16.0.29709.97
MinimumVisualStudioVersion = 10.0.40219.1
Project("{FAE04EC0-301F-11D3-BF4B-00C04F79EFBC}") = "WebApplication1", "WebApplication1\WebApplication1.csproj", "{DCEBEF75-2DB2-47C6-ACE2-A12638A3D9B3}"
EndProject
Global
	GlobalSection(SolutionConfigurationPlatforms) = preSolution
		Debug|Any CPU = Debug|Any CPU
		Release|Any CPU = Release|Any CPU
	EndGlobalSection
	GlobalSection(ProjectConfigurationPlatforms) = postSolution
		{DCEBEF75-2DB2-47C6-ACE2-A12638A3D9B3}.Debug|Any CPU.ActiveCfg = Debug|Any CPU
		{DCEBEF75-2DB2-47C6-ACE2-A12638A3D9B3}.Debug|Any CPU.Build.0 = Debug|Any CPU
		{DCEBEF75-2DB2-47C6-ACE2-A12638A3D9B3}.Release|Any CPU.ActiveCfg = Release|Any CPU
		{DCEBEF75-2DB2-47C6-ACE2-A12638A3D9B3}.Release|Any CPU.Build.0 = Release|Any CPU
	EndGlobalSection
	GlobalSection(SolutionProperties) = preSolution
		HideSolutionNode = FALSE
	EndGlobalSection
	GlobalSection(ExtensibilityGlobals) = postSolution
		SolutionGuid = {27DBCFFF-3361-4C36-890F-A57BB77E1FCB}
	EndGlobalSection
EndGlobal
